
Microsoft Visual Studio Solution File, Format Version 12.00
# Visual Studio Version 17
VisualStudioVersion = 17.4.33213.308
MinimumVisualStudioVersion = 10.0.40219.1
Project("{FAE04EC0-301F-11D3-BF4B-00C04F79EFBC}") = "VIzagWeb", "VIzagWeb\VIzagWeb.csproj", "{481FA298-D145-4099-80EE-DC577580D0CD}"
EndProject
Global
	GlobalSection(SolutionConfigurationPlatforms) = preSolution
		Debug|Any CPU = Debug|Any CPU
		Release|Any CPU = Release|Any CPU
	EndGlobalSection
	GlobalSection(ProjectConfigurationPlatforms) = postSolution
		{481FA298-D145-4099-80EE-DC577580D0CD}.Debug|Any CPU.ActiveCfg = Debug|Any CPU
		{481FA298-D145-4099-80EE-DC577580D0CD}.Debug|Any CPU.Build.0 = Debug|Any CPU
		{481FA298-D145-4099-80EE-DC577580D0CD}.Release|Any CPU.ActiveCfg = Release|Any CPU
		{481FA298-D145-4099-80EE-DC577580D0CD}.Release|Any CPU.Build.0 = Release|Any CPU
	EndGlobalSection
	GlobalSection(SolutionProperties) = preSolution
		HideSolutionNode = FALSE
	EndGlobalSection
	GlobalSection(ExtensibilityGlobals) = postSolution
		SolutionGuid = {E34F21F8-12B7-446B-8FEA-359528087F71}
	EndGlobalSection
EndGlobal
